
Microsoft Visual Studio Solution File, Format Version 12.00
# Visual Studio Version 17
VisualStudioVersion = 17.0.31903.59
MinimumVisualStudioVersion = 10.0.40219.1
Project("{FAE04EC0-301F-11D3-BF4B-00C04F79EFBC}") = "Webshop", "Webshop\Webshop.csproj", "{28B5163C-F616-4241-9782-872C017D3AB0}"
EndProject
Global
	GlobalSection(SolutionConfigurationPlatforms) = preSolution
		Debug|Any CPU = Debug|Any CPU
		Release|Any CPU = Release|Any CPU
	EndGlobalSection
	GlobalSection(ProjectConfigurationPlatforms) = postSolution
		{28B5163C-F616-4241-9782-872C017D3AB0}.Debug|Any CPU.ActiveCfg = Debug|Any CPU
		{28B5163C-F616-4241-9782-872C017D3AB0}.Debug|Any CPU.Build.0 = Debug|Any CPU
		{28B5163C-F616-4241-9782-872C017D3AB0}.Release|Any CPU.ActiveCfg = Release|Any CPU
		{28B5163C-F616-4241-9782-872C017D3AB0}.Release|Any CPU.Build.0 = Release|Any CPU
	EndGlobalSection
	GlobalSection(SolutionProperties) = preSolution
		HideSolutionNode = FALSE
	EndGlobalSection
	GlobalSection(ExtensibilityGlobals) = postSolution
		SolutionGuid = {005C345B-7C17-4B95-A276-3D0EAF05794F}
	EndGlobalSection
EndGlobal
